
Microsoft Visual Studio Solution File, Format Version 12.00
# Visual Studio Version 17
VisualStudioVersion = 17.12.35527.113 d17.12
MinimumVisualStudioVersion = 10.0.40219.1
Project("{FAE04EC0-301F-11D3-BF4B-00C04F79EFBC}") = "ExamplePlugin", "ExamplePlugin.csproj", "{A009795B-EB6E-457B-9388-C6878E3E64E6}"
EndProject
Global
	GlobalSection(SolutionConfigurationPlatforms) = preSolution
		Debug|x64 = Debug|x64
		Release|x64 = Release|x64
	EndGlobalSection
	GlobalSection(ProjectConfigurationPlatforms) = postSolution
		{A009795B-EB6E-457B-9388-C6878E3E64E6}.Debug|x64.ActiveCfg = Debug|x64
		{A009795B-EB6E-457B-9388-C6878E3E64E6}.Debug|x64.Build.0 = Debug|x64
		{A009795B-EB6E-457B-9388-C6878E3E64E6}.Release|x64.ActiveCfg = Release|x64
		{A009795B-EB6E-457B-9388-C6878E3E64E6}.Release|x64.Build.0 = Release|x64
	EndGlobalSection
	GlobalSection(SolutionProperties) = preSolution
		HideSolutionNode = FALSE
	EndGlobalSection
EndGlobal
